
Microsoft Visual Studio Solution File, Format Version 12.00
# Visual Studio Version 17
VisualStudioVersion = 17.3.32819.101
MinimumVisualStudioVersion = 10.0.40219.1
Project("{FAE04EC0-301F-11D3-BF4B-00C04F79EFBC}") = "kNN", "kNN\kNN.csproj", "{9B5B635B-CA6F-4B5B-BDC5-66CBCE13C9EF}"
EndProject
Global
	GlobalSection(SolutionConfigurationPlatforms) = preSolution
		Debug|Any CPU = Debug|Any CPU
		Release|Any CPU = Release|Any CPU
	EndGlobalSection
	GlobalSection(ProjectConfigurationPlatforms) = postSolution
		{9B5B635B-CA6F-4B5B-BDC5-66CBCE13C9EF}.Debug|Any CPU.ActiveCfg = Debug|Any CPU
		{9B5B635B-CA6F-4B5B-BDC5-66CBCE13C9EF}.Debug|Any CPU.Build.0 = Debug|Any CPU
		{9B5B635B-CA6F-4B5B-BDC5-66CBCE13C9EF}.Release|Any CPU.ActiveCfg = Release|Any CPU
		{9B5B635B-CA6F-4B5B-BDC5-66CBCE13C9EF}.Release|Any CPU.Build.0 = Release|Any CPU
	EndGlobalSection
	GlobalSection(SolutionProperties) = preSolution
		HideSolutionNode = FALSE
	EndGlobalSection
	GlobalSection(ExtensibilityGlobals) = postSolution
		SolutionGuid = {14B1170A-43AA-4473-A450-0AE597C97CC6}
	EndGlobalSection
EndGlobal
